{
    "_meta": {
        "hash": {
            "sha256": "5fc59aa78f39ad59f68b94e1f1507ae0d2de0f4c2d75a845db39d856a2b27ed3"
        },
        "pipfile-spec": 6,
        "requires": {
            "python_version": "3.6"
        },
        "sources": [
            {
                "name": "pypi",
                "url": "https://pypi.org/simple",
                "verify_ssl": true
            }
        ]
    },
    "default": {
        "aiodns": {
            "hashes": [
                "sha256:99d0652f2c02f73bfa646bf44af82705260a523014576647d7959e664830b26b",
                "sha256:d8677adc679ce8d0ef706c14d9c3d2f27a0e0cc11d59730cdbaf218ad52dd9ea"
            ],
            "version": "==1.1.1"
        },
        "aiohttp": {
            "hashes": [
                "sha256:040eecbc37aa5bd007108388fab6c42b2a01b964c4feac26bdffc8fe8af6c110",
                "sha256:15ad4d76bddfd98bf9e48263c70f6603e96d823c5a5c0c842646e9871be72c64",
                "sha256:25825c61688fc95e09d6be19e513e925cb4f08aae4d7a7c38a1fa75e0e4c22bd",
                "sha256:2e8be4c46083ced9d9bc9ff4d77f31bfcd3e7486613f6138c5aa302d33ea54ed",
                "sha256:2fe26e836a1803c7414613c376fe29fc4ae0e5145e3813e1db1854cb05c91a3c",
                "sha256:4634dd3bbb68d0c7e5e4bca7571369d53c497b3300d9d678f939038e1b1231ee",
                "sha256:4b6fa00885ec778154244b010acecb862d277e6652b87fcd85c0f4735d26451c",
                "sha256:53988a8cf76c3fb74a759e77b1c2f55ab36880d57c6e7d0d59ad28743a2535fe",
                "sha256:6eef1d7eff9e6fa1029f7a62504f88b2b0afce89ced5c95d3a4cf1c2faef1231",
                "sha256:7910089093296b5c8f683965044f553b0c5c9c2dbf310a219db76c6e793fea55",
                "sha256:7aee5c0750584946fde40da70f0b28fe769f85182f1171acef18a35fd8ecd221",
                "sha256:9e6d6f0bca955923b515f8b5631c4c4f43aa152763852284cbefc89bd544069e",
                "sha256:a19b96f77763ddf0249420438ebfc4d9a470daeb26f6614366d913ff520fa29b",
                "sha256:b53bc7b44b1115af50bd18d9671972603e5a4934e98dd3f4d671104c070e331d",
                "sha256:d51673140330c660e68c182e14164ddba47810dca873bbd28662f31d7d8c0185"
            ],
            "version": "==3.0.1"
        },
        "async-timeout": {
            "hashes": [
                "sha256:c17d8ac2d735d59aa62737d76f2787a6c938f5a944ecf768a8c0ab70b0dea566",
                "sha256:d3a195a827b0f4068d1616ae2da04aac62e365d14f2b13dbc071f9feed9db4e2"
            ],
            "version": "==2.0.0"
        },
        "attrs": {
            "hashes": [
                "sha256:08a96c641c3a74e44eb59afb61a24f2cb9f4d7188748e76ba4bb5edfa3cb7d1c",
                "sha256:f7b7ce16570fe9965acd6d30101a28f62fb4a7f9e926b3bbc9b61f8b04247e72"
            ],
            "version": "==19.3.0"
        },
        "beautifulsoup4": {
            "hashes": [
                "sha256:194ec62a25438adcb3fdb06378b26559eda1ea8a747367d34c33cef9c7f48d57",
                "sha256:90f8e61121d6ae58362ce3bed8cd997efb00c914eae0ff3d363c32f9a9822d10",
                "sha256:f0abd31228055d698bb392a826528ea08ebb9959e6bea17c606fd9c9009db938"
            ],
            "index": "pypi",
            "version": "==4.6.3"
        },
        "certifi": {
            "hashes": [
                "sha256:e4f3620cfea4f83eedc95b24abd9cd56f3c4b146dd0177e83a21b4eb49e21e50",
                "sha256:fd7c7c74727ddcf00e9acd26bba8da604ffec95bf1c2144e67aff7a8b50e6cef"
            ],
            "version": "==2019.9.11"
        },
        "cffi": {
            "hashes": [
                "sha256:08f99e8b38d5134d504aa7e486af8e4fde66a2f388bbecc270cdd1e00fa09ff8",
                "sha256:1112d2fc92a867a6103bce6740a549e74b1d320cf28875609f6e93857eee4f2d",
                "sha256:1b9ab50c74e075bd2ae489853c5f7f592160b379df53b7f72befcbe145475a36",
                "sha256:24eff2997436b6156c2f30bed215c782b1d8fd8c6a704206053c79af95962e45",
                "sha256:2eff642fbc9877a6449026ad66bf37c73bf4232505fb557168ba5c502f95999b",
                "sha256:362e896cea1249ed5c2a81cf6477fabd9e1a5088aa7ea08358a4c6b0998294d2",
                "sha256:40eddb3589f382cb950f2dcf1c39c9b8d7bd5af20665ce273815b0d24635008b",
                "sha256:5ed40760976f6b8613d4a0db5e423673ca162d4ed6c9ed92d1f4e58a47ee01b5",
                "sha256:632c6112c1e914c486f06cfe3f0cc507f44aa1e00ebf732cedb5719e6aa0466a",
                "sha256:64d84f0145e181f4e6cc942088603c8db3ae23485c37eeda71cb3900b5e67cb4",
                "sha256:6cb4edcf87d0e7f5bdc7e5c1a0756fbb37081b2181293c5fdf203347df1cd2a2",
                "sha256:6f19c9df4785305669335b934c852133faed913c0faa63056248168966f7a7d5",
                "sha256:719537b4c5cd5218f0f47826dd705fb7a21d83824920088c4214794457113f3f",
                "sha256:7b0e337a70e58f1a36fb483fd63880c9e74f1db5c532b4082bceac83df1523fa",
                "sha256:853376efeeb8a4ae49a737d5d30f5db8cdf01d9319695719c4af126488df5a6a",
                "sha256:85bbf77ffd12985d76a69d2feb449e35ecdcb4fc54a5f087d2bd54158ae5bb0c",
                "sha256:8978115c6f0b0ce5880bc21c967c65058be8a15f1b81aa5fdbdcbea0e03952d1",
                "sha256:8f7eec920bc83692231d7306b3e311586c2e340db2dc734c43c37fbf9c981d24",
                "sha256:8fe230f612c18af1df6f348d02d682fe2c28ca0a6c3856c99599cdacae7cf226",
                "sha256:92068ebc494b5f9826b822cec6569f1f47b9a446a3fef477e1d11d7fac9ea895",
                "sha256:b57e1c8bcdd7340e9c9d09613b5e7fdd0c600be142f04e2cc1cc8cb7c0b43529",
                "sha256:ba956c9b44646bc1852db715b4a252e52a8f5a4009b57f1dac48ba3203a7bde1",
                "sha256:ca42034c11eb447497ea0e7b855d87ccc2aebc1e253c22e7d276b8599c112a27",
                "sha256:dc9b2003e9a62bbe0c84a04c61b0329e86fccd85134a78d7aca373bbbf788165",
                "sha256:dd308802beb4b2961af8f037becbdf01a1e85009fdfc14088614c1b3c383fae5",
                "sha256:e77cd105b19b8cd721d101687fcf665fd1553eb7b57556a1ef0d453b6fc42faa",
                "sha256:f56dff1bd81022f1c980754ec721fb8da56192b026f17f0f99b965da5ab4fbd2",
                "sha256:fa4cc13c03ea1d0d37ce8528e0ecc988d2365e8ac64d8d86cafab4038cb4ce89",
                "sha256:fa8cf1cb974a9f5911d2a0303f6adc40625c05578d8e7ff5d313e1e27850bd59",
                "sha256:fb003019f06d5fc0aa4738492ad8df1fa343b8a37cbcf634018ad78575d185df",
                "sha256:fd409b7778167c3bcc836484a8f49c0e0b93d3e745d975749f83aa5d18a5822f",
                "sha256:fe5d65a3ee38122003245a82303d11ac05ff36531a8f5ce4bc7d4bbc012797e1"
            ],
            "version": "==1.13.0"
        },
        "chardet": {
            "hashes": [
                "sha256:84ab92ed1c4d4f16916e05906b6b75a6c0fb5db821cc65e70cbd64a3e2a5eaae",
                "sha256:fc323ffcaeaed0e0a02bf4d117757b98aed530d9ed4531e3e15460124c106691"
            ],
            "version": "==3.0.4"
        },
        "click": {
            "hashes": [
                "sha256:2335065e6395b9e67ca716de5f7526736bfa6ceead690adf616d925bdc622b13",
                "sha256:5b94b49521f6456670fdb30cd82a4eca9412788a93fa6dd6df72c94d5a8ff2d7"
            ],
            "version": "==7.0"
        },
        "fake-useragent": {
            "hashes": [
                "sha256:cc9b9ddcebc708b3deac846f5fccb16e37c02ee47435a4ec7132271dd96aec8c"
            ],
            "index": "pypi",
            "version": "==0.1.10"
        },
        "feedparser": {
            "hashes": [
                "sha256:bd030652c2d08532c034c27fcd7c85868e7fa3cb2b17f230a44a6bbc92519bf9",
                "sha256:cd2485472e41471632ed3029d44033ee420ad0b57111db95c240c9160a85831c",
                "sha256:ce875495c90ebd74b179855449040003a1beb40cd13d5f037a0654251e260b02"
            ],
            "index": "pypi",
            "version": "==5.2.1"
        },
        "flask": {
            "hashes": [
                "sha256:2271c0070dbcb5275fad4a82e29f23ab92682dc45f9dfbc22c02ba9b9322ce48",
                "sha256:a080b744b7e345ccfcbc77954861cb05b3c63786e93f2b3875e0913d44b43f05"
            ],
            "index": "pypi",
            "version": "==1.0.2"
        },
        "html5lib": {
            "hashes": [
                "sha256:20b159aa3badc9d5ee8f5c647e5efd02ed2a66ab8d354930bd9ff139fc1dc0a3",
                "sha256:66cb0dcfdbbc4f9c3ba1a63fdb511ffdbd4f513b2b6d81b80cd26ce6b3fb3736"
            ],
            "index": "pypi",
            "version": "==1.0.1"
        },
        "idna": {
            "hashes": [
                "sha256:156a6814fb5ac1fc6850fb002e0852d56c0c8d2531923a51032d1b70760e186e",
                "sha256:684a38a6f903c1d71d6d5fac066b58d7768af4de2b832e426ec79c30daa94a16"
            ],
            "version": "==2.7"
        },
        "idna-ssl": {
            "hashes": [
                "sha256:a933e3bb13da54383f9e8f35dc4f9cb9eb9b3b78c6b36f311254d6d0d92c6c7c"
            ],
            "version": "==1.1.0"
        },
        "itsdangerous": {
            "hashes": [
                "sha256:321b033d07f2a4136d3ec762eac9f16a10ccd60f53c0c91af90217ace7ba1f19",
                "sha256:b12271b2047cb23eeb98c8b5622e2e5c5e9abd9784a153e9d8ef9cb4dd09d749"
            ],
            "version": "==1.1.0"
        },
        "jinja2": {
            "hashes": [
                "sha256:74320bb91f31270f9551d46522e33af46a80c3d619f4a4bf42b3164d30b5911f",
                "sha256:9fe95f19286cfefaa917656583d020be14e7859c6b0252588391e47db34527de"
            ],
            "version": "==2.10.3"
        },
        "lxml": {
            "hashes": [
                "sha256:0cf1eca0652c4409e0655e04b840d6d85b7eb18718f5fba3862acad5500e3480",
                "sha256:10624ef1b468252309f269b13af4f837e3a82be366b5f3e49b0e83f1ad66205f",
                "sha256:1259e374da3a575615fe402e0966c5894bae3d2e229c2239ba4ebf2bb020c4b6",
                "sha256:26bb748af1ead0097eb8272b8a06f15a0015b8f312eef772a95f223a16e7de56",
                "sha256:27d0b13bcfcf2f6a5664e64fc3d684c76db1cdba5a5761795d154063559e0b59",
                "sha256:2b013fdabcbc21bc2770437099b921ec290235752b5baaac7a601f75094a378d",
                "sha256:2e469ea2c0b722b9b393187649e7d126c537a68512fc92a676fe86e57050c2a9",
                "sha256:37f7c2cdf513a0ea239c1609681880fb2f0073de0d2996e0ae9a7f0ef15d8b95",
                "sha256:68c6afc7a4411db2df28307e2493c945cb3d887e8f431b81811c1ea6ba087b8b",
                "sha256:73fe3452fc02c0b418914f842f897bdad0f1184368d8d9c315294ff7b94946f2",
                "sha256:7584d83d7315f641510e5f97f4d636ea225fd76e3f8aee965b2e8c93a8169b4d",
                "sha256:76e3ec6b26b1198dd5e6e20539d8360dcd3b224cd80cadba9307b790fda79161",
                "sha256:8288a889cbaa446e5fa168837456e63098b91953c89e5857968a5091b337cdca",
                "sha256:ad9e1fee284dec97b74cd88e925eca1575145598c974243cfb5e859f406adc32",
                "sha256:b360c3769cf0fd7d82577e40e37d4caf693f67744d0d61d11d66b5c31eaccf7a",
                "sha256:c4aaf320284a2713428163bae0e7df0db3b489237ab4830179210a12d56d3068",
                "sha256:c530274e43b0f376cd94e8e0a3e6ea28de1739ec4326689bdbf626e172d2e614",
                "sha256:ca4e79294fd0f3f9e0e5a4c309df84b5f2abc62349bfaf2aaf8965e5108ef8e2",
                "sha256:ce2dc5a104e885abbd48d0cc92ae74afa1d685ee65d6e3497067207d6a26e177",
                "sha256:d295cac30d3e13e82473081ea7df2a11352b5625cb54187fcd5a8be5d9ebf315",
                "sha256:d498338b39c4757ba88bdc705b3a0647d18554856cd2d394ac3bb919ac890c9d",
                "sha256:d537f8e613074805e17039e345edaa822534f66f07d315c89cff9824aa996d65",
                "sha256:df8ba3f52ef59a553b0e94593ea526c34faa4f531c1ab7f5ca7f392bc770c9e3",
                "sha256:e2553800d2d461a2dc329682d0a9068f238ec11d763e5454c61c4df7a0346ed2",
                "sha256:e2afbe403090f5893e254958d02875e0732975e73c4c0cdd33c1f009a61963ca",
                "sha256:e740efa625883f3c4de20c7e1411228d7ce2ab47b9e874a703f6681ec0558a30",
                "sha256:ec7864b62da0f5ae44973351247f2250a25b9b544fc6aff8bd6a75da1156cc70",
                "sha256:f26ddab491b10279b7e8e3fdcbaaaba3ab282fbaecfa48a19874dfc4d53b9d4f",
                "sha256:f6a16681f30918521066ddcc4ba79c1e033c9837dd94f78f5a9f6110e7572185",
                "sha256:f968623ac9b81a6253d4bbbe3f4d1e6be5f33707f397b566935783511bfa281a"
            ],
            "index": "pypi",
            "version": "==4.2.4"
        },
        "markupsafe": {
            "hashes": [
                "sha256:00bc623926325b26bb9605ae9eae8a215691f33cae5df11ca5424f06f2d1f473",
                "sha256:09027a7803a62ca78792ad89403b1b7a73a01c8cb65909cd876f7fcebd79b161",
                "sha256:09c4b7f37d6c648cb13f9230d847adf22f8171b1ccc4d5682398e77f40309235",
                "sha256:1027c282dad077d0bae18be6794e6b6b8c91d58ed8a8d89a89d59693b9131db5",
                "sha256:24982cc2533820871eba85ba648cd53d8623687ff11cbb805be4ff7b4c971aff",
                "sha256:29872e92839765e546828bb7754a68c418d927cd064fd4708fab9fe9c8bb116b",
                "sha256:43a55c2930bbc139570ac2452adf3d70cdbb3cfe5912c71cdce1c2c6bbd9c5d1",
                "sha256:46c99d2de99945ec5cb54f23c8cd5689f6d7177305ebff350a58ce5f8de1669e",
                "sha256:500d4957e52ddc3351cabf489e79c91c17f6e0899158447047588650b5e69183",
                "sha256:535f6fc4d397c1563d08b88e485c3496cf5784e927af890fb3c3aac7f933ec66",
                "sha256:62fe6c95e3ec8a7fad637b7f3d372c15ec1caa01ab47926cfdf7a75b40e0eac1",
                "sha256:6dd73240d2af64df90aa7c4e7481e23825ea70af4b4922f8ede5b9e35f78a3b1",
                "sha256:717ba8fe3ae9cc0006d7c451f0bb265ee07739daf76355d06366154ee68d221e",
                "sha256:79855e1c5b8da654cf486b830bd42c06e8780cea587384cf6545b7d9ac013a0b",
                "sha256:7c1699dfe0cf8ff607dbdcc1e9b9af1755371f92a68f706051cc8c37d447c905",
                "sha256:88e5fcfb52ee7b911e8bb6d6aa2fd21fbecc674eadd44118a9cc3863f938e735",
                "sha256:8defac2f2ccd6805ebf65f5eeb132adcf2ab57aa11fdf4c0dd5169a004710e7d",
                "sha256:98c7086708b163d425c67c7a91bad6e466bb99d797aa64f965e9d25c12111a5e",
                "sha256:9add70b36c5666a2ed02b43b335fe19002ee5235efd4b8a89bfcf9005bebac0d",
                "sha256:9bf40443012702a1d2070043cb6291650a0841ece432556f784f004937f0f32c",
                "sha256:ade5e387d2ad0d7ebf59146cc00c8044acbd863725f887353a10df825fc8ae21",
                "sha256:b00c1de48212e4cc9603895652c5c410df699856a2853135b3967591e4beebc2",
                "sha256:b1282f8c00509d99fef04d8ba936b156d419be841854fe901d8ae224c59f0be5",
                "sha256:b2051432115498d3562c084a49bba65d97cf251f5a331c64a12ee7e04dacc51b",
                "sha256:ba59edeaa2fc6114428f1637ffff42da1e311e29382d81b339c1817d37ec93c6",
                "sha256:c8716a48d94b06bb3b2524c2b77e055fb313aeb4ea620c8dd03a105574ba704f",
                "sha256:cd5df75523866410809ca100dc9681e301e3c27567cf498077e8551b6d20e42f",
                "sha256:e249096428b3ae81b08327a63a485ad0878de3fb939049038579ac0ef61e17e7"
            ],
            "version": "==1.1.1"
        },
        "maxminddb": {
            "hashes": [
                "sha256:972399b6d08b4cbb7889f2d2489266d18811c5ef6109cc52eb28de4102bbc4be"
            ],
            "version": "==1.3.0"
        },
        "multidict": {
            "hashes": [
                "sha256:024b8129695a952ebd93373e45b5d341dbb87c17ce49637b34000093f243dd4f",
                "sha256:041e9442b11409be5e4fc8b6a97e4bcead758ab1e11768d1e69160bdde18acc3",
                "sha256:045b4dd0e5f6121e6f314d81759abd2c257db4634260abcfe0d3f7083c4908ef",
                "sha256:047c0a04e382ef8bd74b0de01407e8d8632d7d1b4db6f2561106af812a68741b",
                "sha256:068167c2d7bbeebd359665ac4fff756be5ffac9cda02375b5c5a7c4777038e73",
                "sha256:148ff60e0fffa2f5fad2eb25aae7bef23d8f3b8bdaf947a65cdbe84a978092bc",
                "sha256:1d1c77013a259971a72ddaa83b9f42c80a93ff12df6a4723be99d858fa30bee3",
                "sha256:1d48bc124a6b7a55006d97917f695effa9725d05abe8ee78fd60d6588b8344cd",
                "sha256:31dfa2fc323097f8ad7acd41aa38d7c614dd1960ac6681745b6da124093dc351",
                "sha256:34f82db7f80c49f38b032c5abb605c458bac997a6c3142e0d6c130be6fb2b941",
                "sha256:3d5dd8e5998fb4ace04789d1d008e2bb532de501218519d70bb672c4c5a2fc5d",
                "sha256:4a6ae52bd3ee41ee0f3acf4c60ceb3f44e0e3bc52ab7da1c2b2aa6703363a3d1",
                "sha256:4b02a3b2a2f01d0490dd39321c74273fed0568568ea0e7ea23e02bd1fb10a10b",
                "sha256:4b843f8e1dd6a3195679d9838eb4670222e8b8d01bc36c9894d6c3538316fa0a",
                "sha256:5de53a28f40ef3c4fd57aeab6b590c2c663de87a5af76136ced519923d3efbb3",
                "sha256:61b2b33ede821b94fa99ce0b09c9ece049c7067a33b279f343adfe35108a4ea7",
                "sha256:6a3a9b0f45fd75dc05d8e93dc21b18fc1670135ec9544d1ad4acbcf6b86781d0",
                "sha256:76ad8e4c69dadbb31bad17c16baee61c0d1a4a73bed2590b741b2e1a46d3edd0",
                "sha256:7ba19b777dc00194d1b473180d4ca89a054dd18de27d0ee2e42a103ec9b7d014",
                "sha256:7c1b7eab7a49aa96f3db1f716f0113a8a2e93c7375dd3d5d21c4941f1405c9c5",
                "sha256:7fc0eee3046041387cbace9314926aa48b681202f8897f8bff3809967a049036",
                "sha256:8ccd1c5fff1aa1427100ce188557fc31f1e0a383ad8ec42c559aabd4ff08802d",
                "sha256:8e08dd76de80539d613654915a2f5196dbccc67448df291e69a88712ea21e24a",
                "sha256:c18498c50c59263841862ea0501da9f2b3659c00db54abfbf823a80787fde8ce",
                "sha256:c49db89d602c24928e68c0d510f4fcf8989d77defd01c973d6cbe27e684833b1",
                "sha256:ce20044d0317649ddbb4e54dab3c1bcc7483c78c27d3f58ab3d0c7e6bc60d26a",
                "sha256:d1071414dd06ca2eafa90c85a079169bfeb0e5f57fd0b45d44c092546fcd6fd9",
                "sha256:d3be11ac43ab1a3e979dac80843b42226d5d3cccd3986f2e03152720a4297cd7",
                "sha256:db603a1c235d110c860d5f39988ebc8218ee028f07a7cbc056ba6424372ca31b"
            ],
            "version": "==4.5.2"
        },
        "proxybroker": {
            "hashes": [
                "sha256:5c3fa8c0b6f3eb66fe0aa6c032671fa7f7bbed4947fad9c755535ea7f225402e",
                "sha256:e969740e7177d2c97f802094968cffc21f476c68e705dac2489166dbda6ed67b"
            ],
            "index": "pypi",
            "version": "==0.3.1"
        },
        "pycares": {
            "hashes": [
                "sha256:2ca080db265ea238dc45f997f94effb62b979a617569889e265c26a839ed6305",
                "sha256:6f79c6afb6ce603009db2042fddc2e348ad093ece9784cbe2daa809499871a23",
                "sha256:70918d06eb0603016d37092a5f2c0228509eb4e6c5a3faacb4184f6ab7be7650",
                "sha256:755187d28d24a9ea63aa2b4c0638be31d65fbf7f0ce16d41261b9f8cb55a1b99",
                "sha256:7baa4b1f2146eb8423ff8303ebde3a20fb444a60db761fba0430d104fe35ddbf",
                "sha256:90b27d4df86395f465a171386bc341098d6d47b65944df46518814ae298f6cc6",
                "sha256:9e090dd6b2afa65cb51c133883b2bf2240fd0f717b130b0048714b33fb0f47ce",
                "sha256:a11b7d63c3718775f6e805d6464cb10943780395ab042c7e5a0a7a9f612735dd",
                "sha256:b253f5dcaa0ac7076b79388a3ac80dd8f3bd979108f813baade40d3a9b8bf0bd",
                "sha256:c7f4f65e44ba35e35ad3febc844270665bba21cfb0fb7d749434e705b556e087",
                "sha256:cdb342e6a254f035bd976d95807a2184038fc088d957a5104dcaab8be602c093",
                "sha256:cf08e164f8bfb83b9fe633feb56f2754fae6baefcea663593794fa0518f8f98c",
                "sha256:df9bc694cf03673878ea8ce674082c5acd134991d64d6c306d4bd61c0c1df98f"
            ],
            "version": "==3.0.0"
        },
        "pycparser": {
            "hashes": [
                "sha256:a988718abfad80b6b157acce7bf130a30876d27603738ac39f140993246b25b3"
            ],
            "version": "==2.19"
        },
        "requests": {
            "hashes": [
                "sha256:63b52e3c866428a224f97cab011de738c36aec0185aa91cfacd418b5d58911d1",
                "sha256:ec22d826a36ed72a7358ff3fe56cbd4ba69dd7a6718ffd450ff0e9df7a47ce6a"
            ],
            "index": "pypi",
            "version": "==2.19.1"
        },
        "six": {
            "hashes": [
                "sha256:3350809f0555b11f552448330d0b52d5f24c91a322ea4a15ef22629740f3761c",
                "sha256:d16a0141ec1a18405cd4ce8b4613101da75da0e9a7aec5bdd4fa804d0e0eba73"
            ],
            "version": "==1.12.0"
        },
        "urllib3": {
            "hashes": [
                "sha256:a68ac5e15e76e7e5dd2b8f94007233e01effe3e50e8daddf69acfd81cb686baf",
                "sha256:b5725a0bd4ba422ab0e66e89e030c806576753ea3ee08554382c14e685d117b5"
            ],
            "version": "==1.23"
        },
        "webencodings": {
            "hashes": [
                "sha256:a0af1213f3c2226497a97e2b3aa01a7e4bee4f403f95be16fc9acd2947514a78",
                "sha256:b36a1c245f2d304965eb4e0a82848379241dc04b865afcc4aab16748587e1923"
            ],
            "version": "==0.5.1"
        },
        "werkzeug": {
            "hashes": [
                "sha256:97660b282aa7e29f94f3fe378e5c7162d7ab9d601a8dbb1cbb2ffc8f0e54607d",
                "sha256:cfd1281b1748288e59762c0e174d64d8bcb2b70e7c57bc4a1203c8825af24ac3"
            ],
            "index": "pypi",
            "version": "==0.15.3"
        },
        "yarl": {
            "hashes": [
                "sha256:024ecdc12bc02b321bc66b41327f930d1c2c543fa9a561b39861da9388ba7aa9",
                "sha256:2f3010703295fbe1aec51023740871e64bb9664c789cba5a6bdf404e93f7568f",
                "sha256:3890ab952d508523ef4881457c4099056546593fa05e93da84c7250516e632eb",
                "sha256:3e2724eb9af5dc41648e5bb304fcf4891adc33258c6e14e2a7414ea32541e320",
                "sha256:5badb97dd0abf26623a9982cd448ff12cb39b8e4c94032ccdedf22ce01a64842",
                "sha256:73f447d11b530d860ca1e6b582f947688286ad16ca42256413083d13f260b7a0",
                "sha256:7ab825726f2940c16d92aaec7d204cfc34ac26c0040da727cf8ba87255a33829",
                "sha256:b25de84a8c20540531526dfbb0e2d2b648c13fd5dd126728c496d7c3fea33310",
                "sha256:c6e341f5a6562af74ba55205dbd56d248daf1b5748ec48a0200ba227bb9e33f4",
                "sha256:c9bb7c249c4432cd47e75af3864bc02d26c9594f49c82e2a28624417f0ae63b8",
                "sha256:e060906c0c585565c718d1c3841747b61c5439af2211e185f6739a9412dfbde1"
            ],
            "version": "==1.3.0"
        }
    },
    "develop": {
        "flake8": {
            "hashes": [
                "sha256:7253265f7abd8b313e3892944044a365e3f4ac3fcdcfb4298f55ee9ddf188ba0",
                "sha256:c7841163e2b576d435799169b78703ad6ac1bbb0f199994fc05f700b2a90ea37"
            ],
            "index": "pypi",
            "version": "==3.5.0"
        },
        "mccabe": {
            "hashes": [
                "sha256:ab8a6258860da4b6677da4bd2fe5dc2c659cff31b3ee4f7f5d64e79735b80d42",
                "sha256:dd8d182285a0fe56bace7f45b5e7d1a6ebcbf524e8f3bd87eb0f125271b8831f"
            ],
            "version": "==0.6.1"
        },
        "pep8": {
            "hashes": [
                "sha256:b22cfae5db09833bb9bd7c8463b53e1a9c9b39f12e304a8d0bba729c501827ee",
                "sha256:fe249b52e20498e59e0b5c5256aa52ee99fc295b26ec9eaa85776ffdb9fe6374"
            ],
            "index": "pypi",
            "version": "==1.7.1"
        },
        "pycodestyle": {
            "hashes": [
                "sha256:682256a5b318149ca0d2a9185d365d8864a768a28db66a84a2ea946bcc426766",
                "sha256:6c4245ade1edfad79c3446fadfc96b0de2759662dc29d07d80a6f27ad1ca6ba9"
            ],
            "version": "==2.3.1"
        },
        "pyflakes": {
            "hashes": [
                "sha256:08bd6a50edf8cffa9fa09a463063c425ecaaf10d1eb0335a7e8b1401aef89e6f",
                "sha256:8d616a382f243dbf19b54743f280b80198be0bca3a5396f1d2e1fca6223e8805"
            ],
            "version": "==1.6.0"
        }
    }
}
